
Microsoft Visual Studio Solution File, Format Version 12.00
# Visual Studio Version 17
VisualStudioVersion = 17.9.34728.123
MinimumVisualStudioVersion = 10.0.40219.1
Project("{FAE04EC0-301F-11D3-BF4B-00C04F79EFBC}") = "WinNFSServer", "WinNFSServer\WinNFSServer.csproj", "{A57283ED-7B10-4065-8340-F4F0AC7AB2EB}"
EndProject
Project("{FAE04EC0-301F-11D3-BF4B-00C04F79EFBC}") = "LibWinNFSServer", "LibWinNFSServer\LibWinNFSServer.csproj", "{6296F3A7-A366-4C69-A4FA-D029AF63A8B7}"
EndProject
Global
	GlobalSection(SolutionConfigurationPlatforms) = preSolution
		Debug|Any CPU = Debug|Any CPU
		Release|Any CPU = Release|Any CPU
	EndGlobalSection
	GlobalSection(ProjectConfigurationPlatforms) = postSolution
		{A57283ED-7B10-4065-8340-F4F0AC7AB2EB}.Debug|Any CPU.ActiveCfg = Debug|Any CPU
		{A57283ED-7B10-4065-8340-F4F0AC7AB2EB}.Debug|Any CPU.Build.0 = Debug|Any CPU
		{A57283ED-7B10-4065-8340-F4F0AC7AB2EB}.Release|Any CPU.ActiveCfg = Release|Any CPU
		{A57283ED-7B10-4065-8340-F4F0AC7AB2EB}.Release|Any CPU.Build.0 = Release|Any CPU
		{6296F3A7-A366-4C69-A4FA-D029AF63A8B7}.Debug|Any CPU.ActiveCfg = Debug|Any CPU
		{6296F3A7-A366-4C69-A4FA-D029AF63A8B7}.Debug|Any CPU.Build.0 = Debug|Any CPU
		{6296F3A7-A366-4C69-A4FA-D029AF63A8B7}.Release|Any CPU.ActiveCfg = Release|Any CPU
		{6296F3A7-A366-4C69-A4FA-D029AF63A8B7}.Release|Any CPU.Build.0 = Release|Any CPU
	EndGlobalSection
	GlobalSection(SolutionProperties) = preSolution
		HideSolutionNode = FALSE
	EndGlobalSection
	GlobalSection(ExtensibilityGlobals) = postSolution
		SolutionGuid = {FA66D9E4-8198-462A-9B5C-49EFC52A28EA}
	EndGlobalSection
EndGlobal
