
Microsoft Visual Studio Solution File, Format Version 12.00
# Visual Studio Version 17
VisualStudioVersion = 17.9.34728.123
MinimumVisualStudioVersion = 10.0.40219.1
Project("{9A19103F-16F7-4668-BE54-9A1E7A4F7556}") = "LibWinNFSServer", "LibWinNFSServer\LibWinNFSServer.csproj", "{6296F3A7-A366-4C69-A4FA-D029AF63A8B7}"
EndProject
Project("{9A19103F-16F7-4668-BE54-9A1E7A4F7556}") = "WinNFSServerRepl", "WinNFSServerRepl\WinNFSServerRepl.csproj", "{C6990DB6-E136-4BA4-80B9-3CD4E0FC3450}"
EndProject
Project("{FAE04EC0-301F-11D3-BF4B-00C04F79EFBC}") = "WinNFSServer", "WinNFSServer\WinNFSServer.csproj", "{7EEF9ECD-2201-4D2B-B6A6-9EBEE8ECE5FA}"
EndProject
Global
	GlobalSection(SolutionConfigurationPlatforms) = preSolution
		Debug|Any CPU = Debug|Any CPU
		Release|Any CPU = Release|Any CPU
	EndGlobalSection
	GlobalSection(ProjectConfigurationPlatforms) = postSolution
		{6296F3A7-A366-4C69-A4FA-D029AF63A8B7}.Debug|Any CPU.ActiveCfg = Debug|Any CPU
		{6296F3A7-A366-4C69-A4FA-D029AF63A8B7}.Debug|Any CPU.Build.0 = Debug|Any CPU
		{6296F3A7-A366-4C69-A4FA-D029AF63A8B7}.Release|Any CPU.ActiveCfg = Release|Any CPU
		{6296F3A7-A366-4C69-A4FA-D029AF63A8B7}.Release|Any CPU.Build.0 = Release|Any CPU
		{C6990DB6-E136-4BA4-80B9-3CD4E0FC3450}.Debug|Any CPU.ActiveCfg = Debug|Any CPU
		{C6990DB6-E136-4BA4-80B9-3CD4E0FC3450}.Debug|Any CPU.Build.0 = Debug|Any CPU
		{C6990DB6-E136-4BA4-80B9-3CD4E0FC3450}.Release|Any CPU.ActiveCfg = Release|Any CPU
		{C6990DB6-E136-4BA4-80B9-3CD4E0FC3450}.Release|Any CPU.Build.0 = Release|Any CPU
		{7EEF9ECD-2201-4D2B-B6A6-9EBEE8ECE5FA}.Debug|Any CPU.ActiveCfg = Debug|Any CPU
		{7EEF9ECD-2201-4D2B-B6A6-9EBEE8ECE5FA}.Debug|Any CPU.Build.0 = Debug|Any CPU
		{7EEF9ECD-2201-4D2B-B6A6-9EBEE8ECE5FA}.Release|Any CPU.ActiveCfg = Release|Any CPU
		{7EEF9ECD-2201-4D2B-B6A6-9EBEE8ECE5FA}.Release|Any CPU.Build.0 = Release|Any CPU
	EndGlobalSection
	GlobalSection(SolutionProperties) = preSolution
		HideSolutionNode = FALSE
	EndGlobalSection
	GlobalSection(ExtensibilityGlobals) = postSolution
		SolutionGuid = {FA66D9E4-8198-462A-9B5C-49EFC52A28EA}
	EndGlobalSection
EndGlobal
